// !$*UTF8*$!
{
	archiveVersion = 1;
	classes = {
	};
	objectVersion = 51;
	objects = {

/* Begin PBXBuildFile section */
		4578CCA325F750A900BA67D5 /* AppDelegate.swift in Sources */ = {isa = PBXBuildFile; fileRef = 4578CCA225F750A900BA67D5 /* AppDelegate.swift */; };
		4578CCA525F750A900BA67D5 /* SceneDelegate.swift in Sources */ = {isa = PBXBuildFile; fileRef = 4578CCA425F750A900BA67D5 /* SceneDelegate.swift */; };
		4578CCA725F750A900BA67D5 /* ViewController.swift in Sources */ = {isa = PBXBuildFile; fileRef = 4578CCA625F750A900BA67D5 /* ViewController.swift */; };
		4578CCAA25F750A900BA67D5 /* Main.storyboard in Resources */ = {isa = PBXBuildFile; fileRef = 4578CCA825F750A900BA67D5 /* Main.storyboard */; };
		4578CCAC25F750AD00BA67D5 /* Assets.xcassets in Resources */ = {isa = PBXBuildFile; fileRef = 4578CCAB25F750AD00BA67D5 /* Assets.xcassets */; };
		4578CCAF25F750AD00BA67D5 /* LaunchScreen.storyboard in Resources */ = {isa = PBXBuildFile; fileRef = 4578CCAD25F750AD00BA67D5 /* LaunchScreen.storyboard */; };
		4578CCBA25F750AD00BA67D5 /* DDUBUCKTests.swift in Sources */ = {isa = PBXBuildFile; fileRef = 4578CCB925F750AD00BA67D5 /* DDUBUCKTests.swift */; };
		4578CCC525F750AD00BA67D5 /* DDUBUCKUITests.swift in Sources */ = {isa = PBXBuildFile; fileRef = 4578CCC425F750AD00BA67D5 /* DDUBUCKUITests.swift */; };
		45BB35B1260F71740032FDD8 /* LoginViewController.swift in Sources */ = {isa = PBXBuildFile; fileRef = 45BB35B0260F71740032FDD8 /* LoginViewController.swift */; };
		8EA80E3EB1A3AD9F769C844C /* Pods_DDUBUCK_DDUBUCKUITests.framework in Frameworks */ = {isa = PBXBuildFile; fileRef = BCE5DAA94DB475B72574300D /* Pods_DDUBUCK_DDUBUCKUITests.framework */; };
		CB5C3D83D95E9A8FA4825775 /* Pods_DDUBUCKTests.framework in Frameworks */ = {isa = PBXBuildFile; fileRef = 045765DAE63D275FCEF17634 /* Pods_DDUBUCKTests.framework */; };
		D4289BC32DAB0C3F5E24BBE5 /* Pods_DDUBUCK.framework in Frameworks */ = {isa = PBXBuildFile; fileRef = CB64DB7E1CD0D39683EDB7E5 /* Pods_DDUBUCK.framework */; };
/* End PBXBuildFile section */

/* Begin PBXContainerItemProxy section */
		4578CCB625F750AD00BA67D5 /* PBXContainerItemProxy */ = {
			isa = PBXContainerItemProxy;
			containerPortal = 4578CC9725F750A900BA67D5 /* Project object */;
			proxyType = 1;
			remoteGlobalIDString = 4578CC9E25F750A900BA67D5;
			remoteInfo = DDUBUCK;
		};
		4578CCC125F750AD00BA67D5 /* PBXContainerItemProxy */ = {
			isa = PBXContainerItemProxy;
			containerPortal = 4578CC9725F750A900BA67D5 /* Project object */;
			proxyType = 1;
			remoteGlobalIDString = 4578CC9E25F750A900BA67D5;
			remoteInfo = DDUBUCK;
		};
/* End PBXContainerItemProxy section */

/* Begin PBXFileReference section */
		045765DAE63D275FCEF17634 /* Pods_DDUBUCKTests.framework */ = {isa = PBXFileReference; explicitFileType = wrapper.framework; includeInIndex = 0; path = Pods_DDUBUCKTests.framework; sourceTree = BUILT_PRODUCTS_DIR; };
		0917EAF6A5BAA44274731EA9 /* Pods-DDUBUCK-DDUBUCKUITests.debug.xcconfig */ = {isa = PBXFileReference; includeInIndex = 1; lastKnownFileType = text.xcconfig; name = "Pods-DDUBUCK-DDUBUCKUITests.debug.xcconfig"; path = "Target Support Files/Pods-DDUBUCK-DDUBUCKUITests/Pods-DDUBUCK-DDUBUCKUITests.debug.xcconfig"; sourceTree = "<group>"; };
		4578CC9F25F750A900BA67D5 /* DDUBUCK.app */ = {isa = PBXFileReference; explicitFileType = wrapper.application; includeInIndex = 0; path = DDUBUCK.app; sourceTree = BUILT_PRODUCTS_DIR; };
		4578CCA225F750A900BA67D5 /* AppDelegate.swift */ = {isa = PBXFileReference; lastKnownFileType = sourcecode.swift; path = AppDelegate.swift; sourceTree = "<group>"; };
		4578CCA425F750A900BA67D5 /* SceneDelegate.swift */ = {isa = PBXFileReference; lastKnownFileType = sourcecode.swift; path = SceneDelegate.swift; sourceTree = "<group>"; };
		4578CCA625F750A900BA67D5 /* ViewController.swift */ = {isa = PBXFileReference; lastKnownFileType = sourcecode.swift; path = ViewController.swift; sourceTree = "<group>"; };
		4578CCA925F750A900BA67D5 /* Base */ = {isa = PBXFileReference; lastKnownFileType = file.storyboard; name = Base; path = Base.lproj/Main.storyboard; sourceTree = "<group>"; };
		4578CCAB25F750AD00BA67D5 /* Assets.xcassets */ = {isa = PBXFileReference; lastKnownFileType = folder.assetcatalog; path = Assets.xcassets; sourceTree = "<group>"; };
		4578CCAE25F750AD00BA67D5 /* Base */ = {isa = PBXFileReference; lastKnownFileType = file.storyboard; name = Base; path = Base.lproj/LaunchScreen.storyboard; sourceTree = "<group>"; };
		4578CCB025F750AD00BA67D5 /* Info.plist */ = {isa = PBXFileReference; lastKnownFileType = text.plist.xml; path = Info.plist; sourceTree = "<group>"; };
		4578CCB525F750AD00BA67D5 /* DDUBUCKTests.xctest */ = {isa = PBXFileReference; explicitFileType = wrapper.cfbundle; includeInIndex = 0; path = DDUBUCKTests.xctest; sourceTree = BUILT_PRODUCTS_DIR; };
		4578CCB925F750AD00BA67D5 /* DDUBUCKTests.swift */ = {isa = PBXFileReference; lastKnownFileType = sourcecode.swift; path = DDUBUCKTests.swift; sourceTree = "<group>"; };
		4578CCBB25F750AD00BA67D5 /* Info.plist */ = {isa = PBXFileReference; lastKnownFileType = text.plist.xml; path = Info.plist; sourceTree = "<group>"; };
		4578CCC025F750AD00BA67D5 /* DDUBUCKUITests.xctest */ = {isa = PBXFileReference; explicitFileType = wrapper.cfbundle; includeInIndex = 0; path = DDUBUCKUITests.xctest; sourceTree = BUILT_PRODUCTS_DIR; };
		4578CCC425F750AD00BA67D5 /* DDUBUCKUITests.swift */ = {isa = PBXFileReference; lastKnownFileType = sourcecode.swift; path = DDUBUCKUITests.swift; sourceTree = "<group>"; };
		4578CCC625F750AD00BA67D5 /* Info.plist */ = {isa = PBXFileReference; lastKnownFileType = text.plist.xml; path = Info.plist; sourceTree = "<group>"; };
		45BB35B0260F71740032FDD8 /* LoginViewController.swift */ = {isa = PBXFileReference; lastKnownFileType = sourcecode.swift; path = LoginViewController.swift; sourceTree = "<group>"; };
		4E7B89DAE922DB1266221FA6 /* Pods-DDUBUCK-DDUBUCKUITests.release.xcconfig */ = {isa = PBXFileReference; includeInIndex = 1; lastKnownFileType = text.xcconfig; name = "Pods-DDUBUCK-DDUBUCKUITests.release.xcconfig"; path = "Target Support Files/Pods-DDUBUCK-DDUBUCKUITests/Pods-DDUBUCK-DDUBUCKUITests.release.xcconfig"; sourceTree = "<group>"; };
		4F0255726D7B65A6D11D458D /* Pods-DDUBUCK.release.xcconfig */ = {isa = PBXFileReference; includeInIndex = 1; lastKnownFileType = text.xcconfig; name = "Pods-DDUBUCK.release.xcconfig"; path = "Target Support Files/Pods-DDUBUCK/Pods-DDUBUCK.release.xcconfig"; sourceTree = "<group>"; };
		A4790410D04A461F53E14588 /* Pods-DDUBUCKTests.debug.xcconfig */ = {isa = PBXFileReference; includeInIndex = 1; lastKnownFileType = text.xcconfig; name = "Pods-DDUBUCKTests.debug.xcconfig"; path = "Target Support Files/Pods-DDUBUCKTests/Pods-DDUBUCKTests.debug.xcconfig"; sourceTree = "<group>"; };
		BCE5DAA94DB475B72574300D /* Pods_DDUBUCK_DDUBUCKUITests.framework */ = {isa = PBXFileReference; explicitFileType = wrapper.framework; includeInIndex = 0; path = Pods_DDUBUCK_DDUBUCKUITests.framework; sourceTree = BUILT_PRODUCTS_DIR; };
		CB64DB7E1CD0D39683EDB7E5 /* Pods_DDUBUCK.framework */ = {isa = PBXFileReference; explicitFileType = wrapper.framework; includeInIndex = 0; path = Pods_DDUBUCK.framework; sourceTree = BUILT_PRODUCTS_DIR; };
		FB247DA291B2370B1EAC1A2F /* Pods-DDUBUCKTests.release.xcconfig */ = {isa = PBXFileReference; includeInIndex = 1; lastKnownFileType = text.xcconfig; name = "Pods-DDUBUCKTests.release.xcconfig"; path = "Target Support Files/Pods-DDUBUCKTests/Pods-DDUBUCKTests.release.xcconfig"; sourceTree = "<group>"; };
		FF473DB0A2F806B354439390 /* Pods-DDUBUCK.debug.xcconfig */ = {isa = PBXFileReference; includeInIndex = 1; lastKnownFileType = text.xcconfig; name = "Pods-DDUBUCK.debug.xcconfig"; path = "Target Support Files/Pods-DDUBUCK/Pods-DDUBUCK.debug.xcconfig"; sourceTree = "<group>"; };
/* End PBXFileReference section */

/* Begin PBXFrameworksBuildPhase section */
		4578CC9C25F750A900BA67D5 /* Frameworks */ = {
			isa = PBXFrameworksBuildPhase;
			buildActionMask = 2147483647;
			files = (
				D4289BC32DAB0C3F5E24BBE5 /* Pods_DDUBUCK.framework in Frameworks */,
			);
			runOnlyForDeploymentPostprocessing = 0;
		};
		4578CCB225F750AD00BA67D5 /* Frameworks */ = {
			isa = PBXFrameworksBuildPhase;
			buildActionMask = 2147483647;
			files = (
				CB5C3D83D95E9A8FA4825775 /* Pods_DDUBUCKTests.framework in Frameworks */,
			);
			runOnlyForDeploymentPostprocessing = 0;
		};
		4578CCBD25F750AD00BA67D5 /* Frameworks */ = {
			isa = PBXFrameworksBuildPhase;
			buildActionMask = 2147483647;
			files = (
				8EA80E3EB1A3AD9F769C844C /* Pods_DDUBUCK_DDUBUCKUITests.framework in Frameworks */,
			);
			runOnlyForDeploymentPostprocessing = 0;
		};
/* End PBXFrameworksBuildPhase section */

/* Begin PBXGroup section */
		4578CC9625F750A900BA67D5 = {
			isa = PBXGroup;
			children = (
				4578CCA125F750A900BA67D5 /* DDUBUCK */,
				4578CCB825F750AD00BA67D5 /* DDUBUCKTests */,
				4578CCC325F750AD00BA67D5 /* DDUBUCKUITests */,
				4578CCA025F750A900BA67D5 /* Products */,
				FC598325CE4A7CEAF2760F21 /* Pods */,
				6CB420ECAF484FC1848BB52C /* Frameworks */,
			);
			sourceTree = "<group>";
		};
		4578CCA025F750A900BA67D5 /* Products */ = {
			isa = PBXGroup;
			children = (
				4578CC9F25F750A900BA67D5 /* DDUBUCK.app */,
				4578CCB525F750AD00BA67D5 /* DDUBUCKTests.xctest */,
				4578CCC025F750AD00BA67D5 /* DDUBUCKUITests.xctest */,
			);
			name = Products;
			sourceTree = "<group>";
		};
		4578CCA125F750A900BA67D5 /* DDUBUCK */ = {
			isa = PBXGroup;
			children = (
				45BB35AF260F71190032FDD8 /* login */,
				4578CCA225F750A900BA67D5 /* AppDelegate.swift */,
				4578CCA425F750A900BA67D5 /* SceneDelegate.swift */,
				4578CCA625F750A900BA67D5 /* ViewController.swift */,
				4578CCA825F750A900BA67D5 /* Main.storyboard */,
				4578CCAB25F750AD00BA67D5 /* Assets.xcassets */,
				4578CCAD25F750AD00BA67D5 /* LaunchScreen.storyboard */,
				4578CCB025F750AD00BA67D5 /* Info.plist */,
			);
			path = DDUBUCK;
			sourceTree = "<group>";
		};
		4578CCB825F750AD00BA67D5 /* DDUBUCKTests */ = {
			isa = PBXGroup;
			children = (
				4578CCB925F750AD00BA67D5 /* DDUBUCKTests.swift */,
				4578CCBB25F750AD00BA67D5 /* Info.plist */,
			);
			path = DDUBUCKTests;
			sourceTree = "<group>";
		};
		4578CCC325F750AD00BA67D5 /* DDUBUCKUITests */ = {
			isa = PBXGroup;
			children = (
				4578CCC425F750AD00BA67D5 /* DDUBUCKUITests.swift */,
				4578CCC625F750AD00BA67D5 /* Info.plist */,
			);
			path = DDUBUCKUITests;
			sourceTree = "<group>";
		};
		45BB35AF260F71190032FDD8 /* login */ = {
			isa = PBXGroup;
			children = (
				45BB35B0260F71740032FDD8 /* LoginViewController.swift */,
			);
			path = login;
			sourceTree = "<group>";
		};
		6CB420ECAF484FC1848BB52C /* Frameworks */ = {
			isa = PBXGroup;
			children = (
				CB64DB7E1CD0D39683EDB7E5 /* Pods_DDUBUCK.framework */,
				BCE5DAA94DB475B72574300D /* Pods_DDUBUCK_DDUBUCKUITests.framework */,
				045765DAE63D275FCEF17634 /* Pods_DDUBUCKTests.framework */,
			);
			name = Frameworks;
			sourceTree = "<group>";
		};
		FC598325CE4A7CEAF2760F21 /* Pods */ = {
			isa = PBXGroup;
			children = (
				FF473DB0A2F806B354439390 /* Pods-DDUBUCK.debug.xcconfig */,
				4F0255726D7B65A6D11D458D /* Pods-DDUBUCK.release.xcconfig */,
				0917EAF6A5BAA44274731EA9 /* Pods-DDUBUCK-DDUBUCKUITests.debug.xcconfig */,
				4E7B89DAE922DB1266221FA6 /* Pods-DDUBUCK-DDUBUCKUITests.release.xcconfig */,
				A4790410D04A461F53E14588 /* Pods-DDUBUCKTests.debug.xcconfig */,
				FB247DA291B2370B1EAC1A2F /* Pods-DDUBUCKTests.release.xcconfig */,
			);
			path = Pods;
			sourceTree = "<group>";
		};
/* End PBXGroup section */

/* Begin PBXNativeTarget section */
		4578CC9E25F750A900BA67D5 /* DDUBUCK */ = {
			isa = PBXNativeTarget;
			buildConfigurationList = 4578CCC925F750AE00BA67D5 /* Build configuration list for PBXNativeTarget "DDUBUCK" */;
			buildPhases = (
				6BE8210C3FFF98B8170009BA /* [CP] Check Pods Manifest.lock */,
				4578CC9B25F750A900BA67D5 /* Sources */,
				4578CC9C25F750A900BA67D5 /* Frameworks */,
				4578CC9D25F750A900BA67D5 /* Resources */,
				8A8829C8587C19425850CB34 /* [CP] Embed Pods Frameworks */,
			);
			buildRules = (
			);
			dependencies = (
			);
			name = DDUBUCK;
			productName = DDUBUCK;
			productReference = 4578CC9F25F750A900BA67D5 /* DDUBUCK.app */;
			productType = "com.apple.product-type.application";
		};
		4578CCB425F750AD00BA67D5 /* DDUBUCKTests */ = {
			isa = PBXNativeTarget;
			buildConfigurationList = 4578CCCC25F750AE00BA67D5 /* Build configuration list for PBXNativeTarget "DDUBUCKTests" */;
			buildPhases = (
				4E6D5D99C02797876A2C0A15 /* [CP] Check Pods Manifest.lock */,
				4578CCB125F750AD00BA67D5 /* Sources */,
				4578CCB225F750AD00BA67D5 /* Frameworks */,
				4578CCB325F750AD00BA67D5 /* Resources */,
			);
			buildRules = (
			);
			dependencies = (
				4578CCB725F750AD00BA67D5 /* PBXTargetDependency */,
			);
			name = DDUBUCKTests;
			productName = DDUBUCKTests;
			productReference = 4578CCB525F750AD00BA67D5 /* DDUBUCKTests.xctest */;
			productType = "com.apple.product-type.bundle.unit-test";
		};
		4578CCBF25F750AD00BA67D5 /* DDUBUCKUITests */ = {
			isa = PBXNativeTarget;
			buildConfigurationList = 4578CCCF25F750AE00BA67D5 /* Build configuration list for PBXNativeTarget "DDUBUCKUITests" */;
			buildPhases = (
				2D03321F7896C87EF0DC1267 /* [CP] Check Pods Manifest.lock */,
				4578CCBC25F750AD00BA67D5 /* Sources */,
				4578CCBD25F750AD00BA67D5 /* Frameworks */,
				4578CCBE25F750AD00BA67D5 /* Resources */,
				C585C689D2312DB43F762173 /* [CP] Embed Pods Frameworks */,
			);
			buildRules = (
			);
			dependencies = (
				4578CCC225F750AD00BA67D5 /* PBXTargetDependency */,
			);
			name = DDUBUCKUITests;
			productName = DDUBUCKUITests;
			productReference = 4578CCC025F750AD00BA67D5 /* DDUBUCKUITests.xctest */;
			productType = "com.apple.product-type.bundle.ui-testing";
		};
/* End PBXNativeTarget section */

/* Begin PBXProject section */
		4578CC9725F750A900BA67D5 /* Project object */ = {
			isa = PBXProject;
			attributes = {
				LastSwiftUpdateCheck = 1240;
				LastUpgradeCheck = 1240;
				TargetAttributes = {
					4578CC9E25F750A900BA67D5 = {
						CreatedOnToolsVersion = 12.4;
					};
					4578CCB425F750AD00BA67D5 = {
						CreatedOnToolsVersion = 12.4;
						TestTargetID = 4578CC9E25F750A900BA67D5;
					};
					4578CCBF25F750AD00BA67D5 = {
						CreatedOnToolsVersion = 12.4;
						TestTargetID = 4578CC9E25F750A900BA67D5;
					};
				};
			};
			buildConfigurationList = 4578CC9A25F750A900BA67D5 /* Build configuration list for PBXProject "DDUBUCK" */;
			compatibilityVersion = "Xcode 9.3";
			developmentRegion = en;
			hasScannedForEncodings = 0;
			knownRegions = (
				en,
				Base,
			);
			mainGroup = 4578CC9625F750A900BA67D5;
			productRefGroup = 4578CCA025F750A900BA67D5 /* Products */;
			projectDirPath = "";
			projectRoot = "";
			targets = (
				4578CC9E25F750A900BA67D5 /* DDUBUCK */,
				4578CCB425F750AD00BA67D5 /* DDUBUCKTests */,
				4578CCBF25F750AD00BA67D5 /* DDUBUCKUITests */,
			);
		};
/* End PBXProject section */

/* Begin PBXResourcesBuildPhase section */
		4578CC9D25F750A900BA67D5 /* Resources */ = {
			isa = PBXResourcesBuildPhase;
			buildActionMask = 2147483647;
			files = (
				4578CCAF25F750AD00BA67D5 /* LaunchScreen.storyboard in Resources */,
				4578CCAC25F750AD00BA67D5 /* Assets.xcassets in Resources */,
				4578CCAA25F750A900BA67D5 /* Main.storyboard in Resources */,
			);
			runOnlyForDeploymentPostprocessing = 0;
		};
		4578CCB325F750AD00BA67D5 /* Resources */ = {
			isa = PBXResourcesBuildPhase;
			buildActionMask = 2147483647;
			files = (
			);
			runOnlyForDeploymentPostprocessing = 0;
		};
		4578CCBE25F750AD00BA67D5 /* Resources */ = {
			isa = PBXResourcesBuildPhase;
			buildActionMask = 2147483647;
			files = (
			);
			runOnlyForDeploymentPostprocessing = 0;
		};
/* End PBXResourcesBuildPhase section */

/* Begin PBXShellScriptBuildPhase section */
		2D03321F7896C87EF0DC1267 /* [CP] Check Pods Manifest.lock */ = {
			isa = PBXShellScriptBuildPhase;
			buildActionMask = 2147483647;
			files = (
			);
			inputFileListPaths = (
			);
			inputPaths = (
				"${PODS_PODFILE_DIR_PATH}/Podfile.lock",
				"${PODS_ROOT}/Manifest.lock",
			);
			name = "[CP] Check Pods Manifest.lock";
			outputFileListPaths = (
			);
			outputPaths = (
				"$(DERIVED_FILE_DIR)/Pods-DDUBUCK-DDUBUCKUITests-checkManifestLockResult.txt",
			);
			runOnlyForDeploymentPostprocessing = 0;
			shellPath = /bin/sh;
			shellScript = "diff \"${PODS_PODFILE_DIR_PATH}/Podfile.lock\" \"${PODS_ROOT}/Manifest.lock\" > /dev/null\nif [ $? != 0 ] ; then\n    # print error to STDERR\n    echo \"error: The sandbox is not in sync with the Podfile.lock. Run 'pod install' or update your CocoaPods installation.\" >&2\n    exit 1\nfi\n# This output is used by Xcode 'outputs' to avoid re-running this script phase.\necho \"SUCCESS\" > \"${SCRIPT_OUTPUT_FILE_0}\"\n";
			showEnvVarsInLog = 0;
		};
		4E6D5D99C02797876A2C0A15 /* [CP] Check Pods Manifest.lock */ = {
			isa = PBXShellScriptBuildPhase;
			buildActionMask = 2147483647;
			files = (
			);
			inputFileListPaths = (
			);
			inputPaths = (
				"${PODS_PODFILE_DIR_PATH}/Podfile.lock",
				"${PODS_ROOT}/Manifest.lock",
			);
			name = "[CP] Check Pods Manifest.lock";
			outputFileListPaths = (
			);
			outputPaths = (
				"$(DERIVED_FILE_DIR)/Pods-DDUBUCKTests-checkManifestLockResult.txt",
			);
			runOnlyForDeploymentPostprocessing = 0;
			shellPath = /bin/sh;
			shellScript = "diff \"${PODS_PODFILE_DIR_PATH}/Podfile.lock\" \"${PODS_ROOT}/Manifest.lock\" > /dev/null\nif [ $? != 0 ] ; then\n    # print error to STDERR\n    echo \"error: The sandbox is not in sync with the Podfile.lock. Run 'pod install' or update your CocoaPods installation.\" >&2\n    exit 1\nfi\n# This output is used by Xcode 'outputs' to avoid re-running this script phase.\necho \"SUCCESS\" > \"${SCRIPT_OUTPUT_FILE_0}\"\n";
			showEnvVarsInLog = 0;
		};
		6BE8210C3FFF98B8170009BA /* [CP] Check Pods Manifest.lock */ = {
			isa = PBXShellScriptBuildPhase;
			buildActionMask = 2147483647;
			files = (
			);
			inputFileListPaths = (
			);
			inputPaths = (
				"${PODS_PODFILE_DIR_PATH}/Podfile.lock",
				"${PODS_ROOT}/Manifest.lock",
			);
			name = "[CP] Check Pods Manifest.lock";
			outputFileListPaths = (
			);
			outputPaths = (
				"$(DERIVED_FILE_DIR)/Pods-DDUBUCK-checkManifestLockResult.txt",
			);
			runOnlyForDeploymentPostprocessing = 0;
			shellPath = /bin/sh;
			shellScript = "diff \"${PODS_PODFILE_DIR_PATH}/Podfile.lock\" \"${PODS_ROOT}/Manifest.lock\" > /dev/null\nif [ $? != 0 ] ; then\n    # print error to STDERR\n    echo \"error: The sandbox is not in sync with the Podfile.lock. Run 'pod install' or update your CocoaPods installation.\" >&2\n    exit 1\nfi\n# This output is used by Xcode 'outputs' to avoid re-running this script phase.\necho \"SUCCESS\" > \"${SCRIPT_OUTPUT_FILE_0}\"\n";
			showEnvVarsInLog = 0;
		};
		8A8829C8587C19425850CB34 /* [CP] Embed Pods Frameworks */ = {
			isa = PBXShellScriptBuildPhase;
			buildActionMask = 2147483647;
			files = (
			);
			inputFileListPaths = (
				"${PODS_ROOT}/Target Support Files/Pods-DDUBUCK/Pods-DDUBUCK-frameworks-${CONFIGURATION}-input-files.xcfilelist",
			);
			name = "[CP] Embed Pods Frameworks";
			outputFileListPaths = (
				"${PODS_ROOT}/Target Support Files/Pods-DDUBUCK/Pods-DDUBUCK-frameworks-${CONFIGURATION}-output-files.xcfilelist",
			);
			runOnlyForDeploymentPostprocessing = 0;
			shellPath = /bin/sh;
			shellScript = "\"${PODS_ROOT}/Target Support Files/Pods-DDUBUCK/Pods-DDUBUCK-frameworks.sh\"\n";
			showEnvVarsInLog = 0;
		};
		C585C689D2312DB43F762173 /* [CP] Embed Pods Frameworks */ = {
			isa = PBXShellScriptBuildPhase;
			buildActionMask = 2147483647;
			files = (
			);
			inputFileListPaths = (
				"${PODS_ROOT}/Target Support Files/Pods-DDUBUCK-DDUBUCKUITests/Pods-DDUBUCK-DDUBUCKUITests-frameworks-${CONFIGURATION}-input-files.xcfilelist",
			);
			name = "[CP] Embed Pods Frameworks";
			outputFileListPaths = (
				"${PODS_ROOT}/Target Support Files/Pods-DDUBUCK-DDUBUCKUITests/Pods-DDUBUCK-DDUBUCKUITests-frameworks-${CONFIGURATION}-output-files.xcfilelist",
			);
			runOnlyForDeploymentPostprocessing = 0;
			shellPath = /bin/sh;
			shellScript = "\"${PODS_ROOT}/Target Support Files/Pods-DDUBUCK-DDUBUCKUITests/Pods-DDUBUCK-DDUBUCKUITests-frameworks.sh\"\n";
			showEnvVarsInLog = 0;
		};
/* End PBXShellScriptBuildPhase section */

/* Begin PBXSourcesBuildPhase section */
		4578CC9B25F750A900BA67D5 /* Sources */ = {
			isa = PBXSourcesBuildPhase;
			buildActionMask = 2147483647;
			files = (
				45BB35B1260F71740032FDD8 /* LoginViewController.swift in Sources */,
				4578CCA725F750A900BA67D5 /* ViewController.swift in Sources */,
				4578CCA325F750A900BA67D5 /* AppDelegate.swift in Sources */,
				4578CCA525F750A900BA67D5 /* SceneDelegate.swift in Sources */,
			);
			runOnlyForDeploymentPostprocessing = 0;
		};
		4578CCB125F750AD00BA67D5 /* Sources */ = {
			isa = PBXSourcesBuildPhase;
			buildActionMask = 2147483647;
			files = (
				4578CCBA25F750AD00BA67D5 /* DDUBUCKTests.swift in Sources */,
			);
			runOnlyForDeploymentPostprocessing = 0;
		};
		4578CCBC25F750AD00BA67D5 /* Sources */ = {
			isa = PBXSourcesBuildPhase;
			buildActionMask = 2147483647;
			files = (
				4578CCC525F750AD00BA67D5 /* DDUBUCKUITests.swift in Sources */,
			);
			runOnlyForDeploymentPostprocessing = 0;
		};
/* End PBXSourcesBuildPhase section */

/* Begin PBXTargetDependency section */
		4578CCB725F750AD00BA67D5 /* PBXTargetDependency */ = {
			isa = PBXTargetDependency;
			target = 4578CC9E25F750A900BA67D5 /* DDUBUCK */;
			targetProxy = 4578CCB625F750AD00BA67D5 /* PBXContainerItemProxy */;
		};
		4578CCC225F750AD00BA67D5 /* PBXTargetDependency */ = {
			isa = PBXTargetDependency;
			target = 4578CC9E25F750A900BA67D5 /* DDUBUCK */;
			targetProxy = 4578CCC125F750AD00BA67D5 /* PBXContainerItemProxy */;
		};
/* End PBXTargetDependency section */

/* Begin PBXVariantGroup section */
		4578CCA825F750A900BA67D5 /* Main.storyboard */ = {
			isa = PBXVariantGroup;
			children = (
				4578CCA925F750A900BA67D5 /* Base */,
			);
			name = Main.storyboard;
			sourceTree = "<group>";
		};
		4578CCAD25F750AD00BA67D5 /* LaunchScreen.storyboard */ = {
			isa = PBXVariantGroup;
			children = (
				4578CCAE25F750AD00BA67D5 /* Base */,
			);
			name = LaunchScreen.storyboard;
			sourceTree = "<group>";
		};
/* End PBXVariantGroup section */

/* Begin XCBuildConfiguration section */
		4578CCC725F750AE00BA67D5 /* Debug */ = {
			isa = XCBuildConfiguration;
			buildSettings = {
				ALWAYS_SEARCH_USER_PATHS = NO;
				CLANG_ANALYZER_NONNULL = YES;
				CLANG_ANALYZER_NUMBER_OBJECT_CONVERSION = YES_AGGRESSIVE;
				CLANG_CXX_LANGUAGE_STANDARD = "gnu++14";
				CLANG_CXX_LIBRARY = "libc++";
				CLANG_ENABLE_MODULES = YES;
				CLANG_ENABLE_OBJC_ARC = YES;
				CLANG_ENABLE_OBJC_WEAK = YES;
				CLANG_WARN_BLOCK_CAPTURE_AUTORELEASING = YES;
				CLANG_WARN_BOOL_CONVERSION = YES;
				CLANG_WARN_COMMA = YES;
				CLANG_WARN_CONSTANT_CONVERSION = YES;
				CLANG_WARN_DEPRECATED_OBJC_IMPLEMENTATIONS = YES;
				CLANG_WARN_DIRECT_OBJC_ISA_USAGE = YES_ERROR;
				CLANG_WARN_DOCUMENTATION_COMMENTS = YES;
				CLANG_WARN_EMPTY_BODY = YES;
				CLANG_WARN_ENUM_CONVERSION = YES;
				CLANG_WARN_INFINITE_RECURSION = YES;
				CLANG_WARN_INT_CONVERSION = YES;
				CLANG_WARN_NON_LITERAL_NULL_CONVERSION = YES;
				CLANG_WARN_OBJC_IMPLICIT_RETAIN_SELF = YES;
				CLANG_WARN_OBJC_LITERAL_CONVERSION = YES;
				CLANG_WARN_OBJC_ROOT_CLASS = YES_ERROR;
				CLANG_WARN_QUOTED_INCLUDE_IN_FRAMEWORK_HEADER = YES;
				CLANG_WARN_RANGE_LOOP_ANALYSIS = YES;
				CLANG_WARN_STRICT_PROTOTYPES = YES;
				CLANG_WARN_SUSPICIOUS_MOVE = YES;
				CLANG_WARN_UNGUARDED_AVAILABILITY = YES_AGGRESSIVE;
				CLANG_WARN_UNREACHABLE_CODE = YES;
				CLANG_WARN__DUPLICATE_METHOD_MATCH = YES;
				COPY_PHASE_STRIP = NO;
				DEBUG_INFORMATION_FORMAT = dwarf;
				ENABLE_STRICT_OBJC_MSGSEND = YES;
				ENABLE_TESTABILITY = YES;
				GCC_C_LANGUAGE_STANDARD = gnu11;
				GCC_DYNAMIC_NO_PIC = NO;
				GCC_NO_COMMON_BLOCKS = YES;
				GCC_OPTIMIZATION_LEVEL = 0;
				GCC_PREPROCESSOR_DEFINITIONS = (
					"DEBUG=1",
					"$(inherited)",
				);
				GCC_WARN_64_TO_32_BIT_CONVERSION = YES;
				GCC_WARN_ABOUT_RETURN_TYPE = YES_ERROR;
				GCC_WARN_UNDECLARED_SELECTOR = YES;
				GCC_WARN_UNINITIALIZED_AUTOS = YES_AGGRESSIVE;
				GCC_WARN_UNUSED_FUNCTION = YES;
				GCC_WARN_UNUSED_VARIABLE = YES;
				IPHONEOS_DEPLOYMENT_TARGET = 14.4;
				MTL_ENABLE_DEBUG_INFO = INCLUDE_SOURCE;
				MTL_FAST_MATH = YES;
				ONLY_ACTIVE_ARCH = YES;
				SDKROOT = iphoneos;
				SWIFT_ACTIVE_COMPILATION_CONDITIONS = DEBUG;
				SWIFT_OPTIMIZATION_LEVEL = "-Onone";
			};
			name = Debug;
		};
		4578CCC825F750AE00BA67D5 /* Release */ = {
			isa = XCBuildConfiguration;
			buildSettings = {
				ALWAYS_SEARCH_USER_PATHS = NO;
				CLANG_ANALYZER_NONNULL = YES;
				CLANG_ANALYZER_NUMBER_OBJECT_CONVERSION = YES_AGGRESSIVE;
				CLANG_CXX_LANGUAGE_STANDARD = "gnu++14";
				CLANG_CXX_LIBRARY = "libc++";
				CLANG_ENABLE_MODULES = YES;
				CLANG_ENABLE_OBJC_ARC = YES;
				CLANG_ENABLE_OBJC_WEAK = YES;
				CLANG_WARN_BLOCK_CAPTURE_AUTORELEASING = YES;
				CLANG_WARN_BOOL_CONVERSION = YES;
				CLANG_WARN_COMMA = YES;
				CLANG_WARN_CONSTANT_CONVERSION = YES;
				CLANG_WARN_DEPRECATED_OBJC_IMPLEMENTATIONS = YES;
				CLANG_WARN_DIRECT_OBJC_ISA_USAGE = YES_ERROR;
				CLANG_WARN_DOCUMENTATION_COMMENTS = YES;
				CLANG_WARN_EMPTY_BODY = YES;
				CLANG_WARN_ENUM_CONVERSION = YES;
				CLANG_WARN_INFINITE_RECURSION = YES;
				CLANG_WARN_INT_CONVERSION = YES;
				CLANG_WARN_NON_LITERAL_NULL_CONVERSION = YES;
				CLANG_WARN_OBJC_IMPLICIT_RETAIN_SELF = YES;
				CLANG_WARN_OBJC_LITERAL_CONVERSION = YES;
				CLANG_WARN_OBJC_ROOT_CLASS = YES_ERROR;
				CLANG_WARN_QUOTED_INCLUDE_IN_FRAMEWORK_HEADER = YES;
				CLANG_WARN_RANGE_LOOP_ANALYSIS = YES;
				CLANG_WARN_STRICT_PROTOTYPES = YES;
				CLANG_WARN_SUSPICIOUS_MOVE = YES;
				CLANG_WARN_UNGUARDED_AVAILABILITY = YES_AGGRESSIVE;
				CLANG_WARN_UNREACHABLE_CODE = YES;
				CLANG_WARN__DUPLICATE_METHOD_MATCH = YES;
				COPY_PHASE_STRIP = NO;
				DEBUG_INFORMATION_FORMAT = "dwarf-with-dsym";
				ENABLE_NS_ASSERTIONS = NO;
				ENABLE_STRICT_OBJC_MSGSEND = YES;
				GCC_C_LANGUAGE_STANDARD = gnu11;
				GCC_NO_COMMON_BLOCKS = YES;
				GCC_WARN_64_TO_32_BIT_CONVERSION = YES;
				GCC_WARN_ABOUT_RETURN_TYPE = YES_ERROR;
				GCC_WARN_UNDECLARED_SELECTOR = YES;
				GCC_WARN_UNINITIALIZED_AUTOS = YES_AGGRESSIVE;
				GCC_WARN_UNUSED_FUNCTION = YES;
				GCC_WARN_UNUSED_VARIABLE = YES;
				IPHONEOS_DEPLOYMENT_TARGET = 14.4;
				MTL_ENABLE_DEBUG_INFO = NO;
				MTL_FAST_MATH = YES;
				SDKROOT = iphoneos;
				SWIFT_COMPILATION_MODE = wholemodule;
				SWIFT_OPTIMIZATION_LEVEL = "-O";
				VALIDATE_PRODUCT = YES;
			};
			name = Release;
		};
		4578CCCA25F750AE00BA67D5 /* Debug */ = {
			isa = XCBuildConfiguration;
			baseConfigurationReference = FF473DB0A2F806B354439390 /* Pods-DDUBUCK.debug.xcconfig */;
			buildSettings = {
				ASSETCATALOG_COMPILER_APPICON_NAME = AppIcon;
				ASSETCATALOG_COMPILER_GLOBAL_ACCENT_COLOR_NAME = AccentColor;
				CODE_SIGN_STYLE = Automatic;
				DEVELOPMENT_TEAM = 2X627QQ934;
				INFOPLIST_FILE = DDUBUCK/Info.plist;
				LD_RUNPATH_SEARCH_PATHS = (
					"$(inherited)",
					"@executable_path/Frameworks",
				);
				PRODUCT_BUNDLE_IDENTIFIER = com.exception.DDUBUCK;
				PRODUCT_NAME = "$(TARGET_NAME)";
				SWIFT_VERSION = 5.0;
				TARGETED_DEVICE_FAMILY = "1,2";
			};
			name = Debug;
		};
		4578CCCB25F750AE00BA67D5 /* Release */ = {
			isa = XCBuildConfiguration;
			baseConfigurationReference = 4F0255726D7B65A6D11D458D /* Pods-DDUBUCK.release.xcconfig */;
			buildSettings = {
				ASSETCATALOG_COMPILER_APPICON_NAME = AppIcon;
				ASSETCATALOG_COMPILER_GLOBAL_ACCENT_COLOR_NAME = AccentColor;
				CODE_SIGN_STYLE = Automatic;
				DEVELOPMENT_TEAM = 2X627QQ934;
				INFOPLIST_FILE = DDUBUCK/Info.plist;
				LD_RUNPATH_SEARCH_PATHS = (
					"$(inherited)",
					"@executable_path/Frameworks",
				);
				PRODUCT_BUNDLE_IDENTIFIER = com.exception.DDUBUCK;
				PRODUCT_NAME = "$(TARGET_NAME)";
				SWIFT_VERSION = 5.0;
				TARGETED_DEVICE_FAMILY = "1,2";
			};
			name = Release;
		};
		4578CCCD25F750AE00BA67D5 /* Debug */ = {
			isa = XCBuildConfiguration;
			baseConfigurationReference = A4790410D04A461F53E14588 /* Pods-DDUBUCKTests.debug.xcconfig */;
			buildSettings = {
				ALWAYS_EMBED_SWIFT_STANDARD_LIBRARIES = YES;
				BUNDLE_LOADER = "$(TEST_HOST)";
				CODE_SIGN_STYLE = Automatic;
				DEVELOPMENT_TEAM = 2X627QQ934;
				INFOPLIST_FILE = DDUBUCKTests/Info.plist;
				IPHONEOS_DEPLOYMENT_TARGET = 14.4;
				LD_RUNPATH_SEARCH_PATHS = (
					"$(inherited)",
					"@executable_path/Frameworks",
					"@loader_path/Frameworks",
				);
				PRODUCT_BUNDLE_IDENTIFIER = com.exception.DDUBUCKTests;
				PRODUCT_NAME = "$(TARGET_NAME)";
				SWIFT_VERSION = 5.0;
				TARGETED_DEVICE_FAMILY = "1,2";
				TEST_HOST = "$(BUILT_PRODUCTS_DIR)/DDUBUCK.app/DDUBUCK";
			};
			name = Debug;
		};
		4578CCCE25F750AE00BA67D5 /* Release */ = {
			isa = XCBuildConfiguration;
			baseConfigurationReference = FB247DA291B2370B1EAC1A2F /* Pods-DDUBUCKTests.release.xcconfig */;
			buildSettings = {
				ALWAYS_EMBED_SWIFT_STANDARD_LIBRARIES = YES;
				BUNDLE_LOADER = "$(TEST_HOST)";
				CODE_SIGN_STYLE = Automatic;
				DEVELOPMENT_TEAM = 2X627QQ934;
				INFOPLIST_FILE = DDUBUCKTests/Info.plist;
				IPHONEOS_DEPLOYMENT_TARGET = 14.4;
				LD_RUNPATH_SEARCH_PATHS = (
					"$(inherited)",
					"@executable_path/Frameworks",
					"@loader_path/Frameworks",
				);
				PRODUCT_BUNDLE_IDENTIFIER = com.exception.DDUBUCKTests;
				PRODUCT_NAME = "$(TARGET_NAME)";
				SWIFT_VERSION = 5.0;
				TARGETED_DEVICE_FAMILY = "1,2";
				TEST_HOST = "$(BUILT_PRODUCTS_DIR)/DDUBUCK.app/DDUBUCK";
			};
			name = Release;
		};
		4578CCD025F750AE00BA67D5 /* Debug */ = {
			isa = XCBuildConfiguration;
			baseConfigurationReference = 0917EAF6A5BAA44274731EA9 /* Pods-DDUBUCK-DDUBUCKUITests.debug.xcconfig */;
			buildSettings = {
				ALWAYS_EMBED_SWIFT_STANDARD_LIBRARIES = YES;
				CODE_SIGN_STYLE = Automatic;
				DEVELOPMENT_TEAM = 2X627QQ934;
				INFOPLIST_FILE = DDUBUCKUITests/Info.plist;
				LD_RUNPATH_SEARCH_PATHS = (
					"$(inherited)",
					"@executable_path/Frameworks",
					"@loader_path/Frameworks",
				);
				PRODUCT_BUNDLE_IDENTIFIER = com.exception.DDUBUCKUITests;
				PRODUCT_NAME = "$(TARGET_NAME)";
				SWIFT_VERSION = 5.0;
				TARGETED_DEVICE_FAMILY = "1,2";
				TEST_TARGET_NAME = DDUBUCK;
			};
			name = Debug;
		};
		4578CCD125F750AE00BA67D5 /* Release */ = {
			isa = XCBuildConfiguration;
			baseConfigurationReference = 4E7B89DAE922DB1266221FA6 /* Pods-DDUBUCK-DDUBUCKUITests.release.xcconfig */;
			buildSettings = {
				ALWAYS_EMBED_SWIFT_STANDARD_LIBRARIES = YES;
				CODE_SIGN_STYLE = Automatic;
				DEVELOPMENT_TEAM = 2X627QQ934;
				INFOPLIST_FILE = DDUBUCKUITests/Info.plist;
				LD_RUNPATH_SEARCH_PATHS = (
					"$(inherited)",
					"@executable_path/Frameworks",
					"@loader_path/Frameworks",
				);
				PRODUCT_BUNDLE_IDENTIFIER = com.exception.DDUBUCKUITests;
				PRODUCT_NAME = "$(TARGET_NAME)";
				SWIFT_VERSION = 5.0;
				TARGETED_DEVICE_FAMILY = "1,2";
				TEST_TARGET_NAME = DDUBUCK;
			};
			name = Release;
		};
/* End XCBuildConfiguration section */

/* Begin XCConfigurationList section */
		4578CC9A25F750A900BA67D5 /* Build configuration list for PBXProject "DDUBUCK" */ = {
			isa = XCConfigurationList;
			buildConfigurations = (
				4578CCC725F750AE00BA67D5 /* Debug */,
				4578CCC825F750AE00BA67D5 /* Release */,
			);
			defaultConfigurationIsVisible = 0;
			defaultConfigurationName = Release;
		};
		4578CCC925F750AE00BA67D5 /* Build configuration list for PBXNativeTarget "DDUBUCK" */ = {
			isa = XCConfigurationList;
			buildConfigurations = (
				4578CCCA25F750AE00BA67D5 /* Debug */,
				4578CCCB25F750AE00BA67D5 /* Release */,
			);
			defaultConfigurationIsVisible = 0;
			defaultConfigurationName = Release;
		};
		4578CCCC25F750AE00BA67D5 /* Build configuration list for PBXNativeTarget "DDUBUCKTests" */ = {
			isa = XCConfigurationList;
			buildConfigurations = (
				4578CCCD25F750AE00BA67D5 /* Debug */,
				4578CCCE25F750AE00BA67D5 /* Release */,
			);
			defaultConfigurationIsVisible = 0;
			defaultConfigurationName = Release;
		};
		4578CCCF25F750AE00BA67D5 /* Build configuration list for PBXNativeTarget "DDUBUCKUITests" */ = {
			isa = XCConfigurationList;
			buildConfigurations = (
				4578CCD025F750AE00BA67D5 /* Debug */,
				4578CCD125F750AE00BA67D5 /* Release */,
			);
			defaultConfigurationIsVisible = 0;
			defaultConfigurationName = Release;
		};
/* End XCConfigurationList section */
	};
	rootObject = 4578CC9725F750A900BA67D5 /* Project object */;
}
